// !$*UTF8*$!
{
	archiveVersion = 1;
	classes = {
	};
	objectVersion = 46;
	objects = {

/* Begin PBXBuildFile section */
		C72EBA891CCCBB3F00F41E1A /* AppDelegate.swift in Sources */ = {isa = PBXBuildFile; fileRef = C72EBA881CCCBB3F00F41E1A /* AppDelegate.swift */; };
		C72EBA8E1CCCBB3F00F41E1A /* Main.storyboard in Resources */ = {isa = PBXBuildFile; fileRef = C72EBA8C1CCCBB3F00F41E1A /* Main.storyboard */; };
		C72EBA901CCCBB3F00F41E1A /* Assets.xcassets in Resources */ = {isa = PBXBuildFile; fileRef = C72EBA8F1CCCBB3F00F41E1A /* Assets.xcassets */; };
		C72EBA931CCCBB3F00F41E1A /* LaunchScreen.storyboard in Resources */ = {isa = PBXBuildFile; fileRef = C72EBA911CCCBB3F00F41E1A /* LaunchScreen.storyboard */; };
		C72EBA9B1CCDEE8100F41E1A /* ConversionViewController.swift in Sources */ = {isa = PBXBuildFile; fileRef = C72EBA9A1CCDEE8100F41E1A /* ConversionViewController.swift */; };
		C767711D1CDEF11100B7214E /* MapKit.framework in Frameworks */ = {isa = PBXBuildFile; fileRef = C767711C1CDEF11100B7214E /* MapKit.framework */; };
		C767711F1CDEF62400B7214E /* MapViewController.swift in Sources */ = {isa = PBXBuildFile; fileRef = C767711E1CDEF62400B7214E /* MapViewController.swift */; };
/* End PBXBuildFile section */

/* Begin PBXFileReference section */
		C72EBA851CCCBB3F00F41E1A /* WorldTrotter.app */ = {isa = PBXFileReference; explicitFileType = wrapper.application; includeInIndex = 0; path = WorldTrotter.app; sourceTree = BUILT_PRODUCTS_DIR; };
		C72EBA881CCCBB3F00F41E1A /* AppDelegate.swift */ = {isa = PBXFileReference; lastKnownFileType = sourcecode.swift; path = AppDelegate.swift; sourceTree = "<group>"; };
		C72EBA8D1CCCBB3F00F41E1A /* Base */ = {isa = PBXFileReference; lastKnownFileType = file.storyboard; name = Base; path = Base.lproj/Main.storyboard; sourceTree = "<group>"; };
		C72EBA8F1CCCBB3F00F41E1A /* Assets.xcassets */ = {isa = PBXFileReference; lastKnownFileType = folder.assetcatalog; path = Assets.xcassets; sourceTree = "<group>"; };
		C72EBA921CCCBB3F00F41E1A /* Base */ = {isa = PBXFileReference; lastKnownFileType = file.storyboard; name = Base; path = Base.lproj/LaunchScreen.storyboard; sourceTree = "<group>"; };
		C72EBA941CCCBB3F00F41E1A /* Info.plist */ = {isa = PBXFileReference; lastKnownFileType = text.plist.xml; path = Info.plist; sourceTree = "<group>"; };
		C72EBA9A1CCDEE8100F41E1A /* ConversionViewController.swift */ = {isa = PBXFileReference; fileEncoding = 4; lastKnownFileType = sourcecode.swift; path = ConversionViewController.swift; sourceTree = "<group>"; };
		C767711C1CDEF11100B7214E /* MapKit.framework */ = {isa = PBXFileReference; lastKnownFileType = wrapper.framework; name = MapKit.framework; path = System/Library/Frameworks/MapKit.framework; sourceTree = SDKROOT; };
		C767711E1CDEF62400B7214E /* MapViewController.swift */ = {isa = PBXFileReference; fileEncoding = 4; lastKnownFileType = sourcecode.swift; path = MapViewController.swift; sourceTree = "<group>"; };
/* End PBXFileReference section */

/* Begin PBXFrameworksBuildPhase section */
		C72EBA821CCCBB3F00F41E1A /* Frameworks */ = {
			isa = PBXFrameworksBuildPhase;
			buildActionMask = 2147483647;
			files = (
				C767711D1CDEF11100B7214E /* MapKit.framework in Frameworks */,
			);
			runOnlyForDeploymentPostprocessing = 0;
		};
/* End PBXFrameworksBuildPhase section */

/* Begin PBXGroup section */
		C72EBA7C1CCCBB3F00F41E1A = {
			isa = PBXGroup;
			children = (
				C767711C1CDEF11100B7214E /* MapKit.framework */,
				C72EBA871CCCBB3F00F41E1A /* WorldTrotter */,
				C72EBA861CCCBB3F00F41E1A /* Products */,
			);
			sourceTree = "<group>";
		};
		C72EBA861CCCBB3F00F41E1A /* Products */ = {
			isa = PBXGroup;
			children = (
				C72EBA851CCCBB3F00F41E1A /* WorldTrotter.app */,
			);
			name = Products;
			sourceTree = "<group>";
		};
		C72EBA871CCCBB3F00F41E1A /* WorldTrotter */ = {
			isa = PBXGroup;
			children = (
				C72EBA881CCCBB3F00F41E1A /* AppDelegate.swift */,
				C72EBA9A1CCDEE8100F41E1A /* ConversionViewController.swift */,
				C72EBA8C1CCCBB3F00F41E1A /* Main.storyboard */,
				C767711E1CDEF62400B7214E /* MapViewController.swift */,
				C72EBA8F1CCCBB3F00F41E1A /* Assets.xcassets */,
				C72EBA911CCCBB3F00F41E1A /* LaunchScreen.storyboard */,
				C72EBA941CCCBB3F00F41E1A /* Info.plist */,
			);
			path = WorldTrotter;
			sourceTree = "<group>";
		};
/* End PBXGroup section */

/* Begin PBXNativeTarget section */
		C72EBA841CCCBB3F00F41E1A /* WorldTrotter */ = {
			isa = PBXNativeTarget;
			buildConfigurationList = C72EBA971CCCBB3F00F41E1A /* Build configuration list for PBXNativeTarget "WorldTrotter" */;
			buildPhases = (
				C72EBA811CCCBB3F00F41E1A /* Sources */,
				C72EBA821CCCBB3F00F41E1A /* Frameworks */,
				C72EBA831CCCBB3F00F41E1A /* Resources */,
			);
			buildRules = (
			);
			dependencies = (
			);
			name = WorldTrotter;
			productName = WorldTrotter;
			productReference = C72EBA851CCCBB3F00F41E1A /* WorldTrotter.app */;
			productType = "com.apple.product-type.application";
		};
/* End PBXNativeTarget section */

/* Begin PBXProject section */
		C72EBA7D1CCCBB3F00F41E1A /* Project object */ = {
			isa = PBXProject;
			attributes = {
				LastSwiftUpdateCheck = 0730;
				LastUpgradeCheck = 0730;
				ORGANIZATIONNAME = "Alex Rosewarne";
				TargetAttributes = {
					C72EBA841CCCBB3F00F41E1A = {
						CreatedOnToolsVersion = 7.3;
						DevelopmentTeam = 4R9XWER3P7;
					};
				};
			};
			buildConfigurationList = C72EBA801CCCBB3F00F41E1A /* Build configuration list for PBXProject "WorldTrotter" */;
			compatibilityVersion = "Xcode 3.2";
			developmentRegion = English;
			hasScannedForEncodings = 0;
			knownRegions = (
				en,
				Base,
			);
			mainGroup = C72EBA7C1CCCBB3F00F41E1A;
			productRefGroup = C72EBA861CCCBB3F00F41E1A /* Products */;
			projectDirPath = "";
			projectRoot = "";
			targets = (
				C72EBA841CCCBB3F00F41E1A /* WorldTrotter */,
			);
		};
/* End PBXProject section */

/* Begin PBXResourcesBuildPhase section */
		C72EBA831CCCBB3F00F41E1A /* Resources */ = {
			isa = PBXResourcesBuildPhase;
			buildActionMask = 2147483647;
			files = (
				C72EBA931CCCBB3F00F41E1A /* LaunchScreen.storyboard in Resources */,
				C72EBA901CCCBB3F00F41E1A /* Assets.xcassets in Resources */,
				C72EBA8E1CCCBB3F00F41E1A /* Main.storyboard in Resources */,
			);
			runOnlyForDeploymentPostprocessing = 0;
		};
/* End PBXResourcesBuildPhase section */

/* Begin PBXSourcesBuildPhase section */
		C72EBA811CCCBB3F00F41E1A /* Sources */ = {
			isa = PBXSourcesBuildPhase;
			buildActionMask = 2147483647;
			files = (
				C72EBA9B1CCDEE8100F41E1A /* ConversionViewController.swift in Sources */,
				C767711F1CDEF62400B7214E /* MapViewController.swift in Sources */,
				C72EBA891CCCBB3F00F41E1A /* AppDelegate.swift in Sources */,
			);
			runOnlyForDeploymentPostprocessing = 0;
		};
/* End PBXSourcesBuildPhase section */

/* Begin PBXVariantGroup section */
		C72EBA8C1CCCBB3F00F41E1A /* Main.storyboard */ = {
			isa = PBXVariantGroup;
			children = (
				C72EBA8D1CCCBB3F00F41E1A /* Base */,
			);
			name = Main.storyboard;
			sourceTree = "<group>";
		};
		C72EBA911CCCBB3F00F41E1A /* LaunchScreen.storyboard */ = {
			isa = PBXVariantGroup;
			children = (
				C72EBA921CCCBB3F00F41E1A /* Base */,
			);
			name = LaunchScreen.storyboard;
			sourceTree = "<group>";
		};
/* End PBXVariantGroup section */

/* Begin XCBuildConfiguration section */
		C72EBA951CCCBB3F00F41E1A /* Debug */ = {
			isa = XCBuildConfiguration;
			buildSettings = {
				ALWAYS_SEARCH_USER_PATHS = NO;
				CLANG_ANALYZER_NONNULL = YES;
				CLANG_CXX_LANGUAGE_STANDARD = "gnu++0x";
				CLANG_CXX_LIBRARY = "libc++";
				CLANG_ENABLE_MODULES = YES;
				CLANG_ENABLE_OBJC_ARC = YES;
				CLANG_WARN_BOOL_CONVERSION = YES;
				CLANG_WARN_CONSTANT_CONVERSION = YES;
				CLANG_WARN_DIRECT_OBJC_ISA_USAGE = YES_ERROR;
				CLANG_WARN_EMPTY_BODY = YES;
				CLANG_WARN_ENUM_CONVERSION = YES;
				CLANG_WARN_INT_CONVERSION = YES;
				CLANG_WARN_OBJC_ROOT_CLASS = YES_ERROR;
				CLANG_WARN_UNREACHABLE_CODE = YES;
				CLANG_WARN__DUPLICATE_METHOD_MATCH = YES;
				"CODE_SIGN_IDENTITY[sdk=iphoneos*]" = "iPhone Developer";
				COPY_PHASE_STRIP = NO;
				DEBUG_INFORMATION_FORMAT = dwarf;
				ENABLE_STRICT_OBJC_MSGSEND = YES;
				ENABLE_TESTABILITY = YES;
				GCC_C_LANGUAGE_STANDARD = gnu99;
				GCC_DYNAMIC_NO_PIC = NO;
				GCC_NO_COMMON_BLOCKS = YES;
				GCC_OPTIMIZATION_LEVEL = 0;
				GCC_PREPROCESSOR_DEFINITIONS = (
					"DEBUG=1",
					"$(inherited)",
				);
				GCC_WARN_64_TO_32_BIT_CONVERSION = YES;
				GCC_WARN_ABOUT_RETURN_TYPE = YES_ERROR;
				GCC_WARN_UNDECLARED_SELECTOR = YES;
				GCC_WARN_UNINITIALIZED_AUTOS = YES_AGGRESSIVE;
				GCC_WARN_UNUSED_FUNCTION = YES;
				GCC_WARN_UNUSED_VARIABLE = YES;
				IPHONEOS_DEPLOYMENT_TARGET = 9.3;
				MTL_ENABLE_DEBUG_INFO = YES;
				ONLY_ACTIVE_ARCH = YES;
				SDKROOT = iphoneos;
				SWIFT_OPTIMIZATION_LEVEL = "-Onone";
			};
			name = Debug;
		};
		C72EBA961CCCBB3F00F41E1A /* Release */ = {
			isa = XCBuildConfiguration;
			buildSettings = {
				ALWAYS_SEARCH_USER_PATHS = NO;
				CLANG_ANALYZER_NONNULL = YES;
				CLANG_CXX_LANGUAGE_STANDARD = "gnu++0x";
				CLANG_CXX_LIBRARY = "libc++";
				CLANG_ENABLE_MODULES = YES;
				CLANG_ENABLE_OBJC_ARC = YES;
				CLANG_WARN_BOOL_CONVERSION = YES;
				CLANG_WARN_CONSTANT_CONVERSION = YES;
				CLANG_WARN_DIRECT_OBJC_ISA_USAGE = YES_ERROR;
				CLANG_WARN_EMPTY_BODY = YES;
				CLANG_WARN_ENUM_CONVERSION = YES;
				CLANG_WARN_INT_CONVERSION = YES;
				CLANG_WARN_OBJC_ROOT_CLASS = YES_ERROR;
				CLANG_WARN_UNREACHABLE_CODE = YES;
				CLANG_WARN__DUPLICATE_METHOD_MATCH = YES;
				"CODE_SIGN_IDENTITY[sdk=iphoneos*]" = "iPhone Developer";
				COPY_PHASE_STRIP = NO;
				DEBUG_INFORMATION_FORMAT = "dwarf-with-dsym";
				ENABLE_NS_ASSERTIONS = NO;
				ENABLE_STRICT_OBJC_MSGSEND = YES;
				GCC_C_LANGUAGE_STANDARD = gnu99;
				GCC_NO_COMMON_BLOCKS = YES;
				GCC_WARN_64_TO_32_BIT_CONVERSION = YES;
				GCC_WARN_ABOUT_RETURN_TYPE = YES_ERROR;
				GCC_WARN_UNDECLARED_SELECTOR = YES;
				GCC_WARN_UNINITIALIZED_AUTOS = YES_AGGRESSIVE;
				GCC_WARN_UNUSED_FUNCTION = YES;
				GCC_WARN_UNUSED_VARIABLE = YES;
				IPHONEOS_DEPLOYMENT_TARGET = 9.3;
				MTL_ENABLE_DEBUG_INFO = NO;
				SDKROOT = iphoneos;
				VALIDATE_PRODUCT = YES;
			};
			name = Release;
		};
		C72EBA981CCCBB3F00F41E1A /* Debug */ = {
			isa = XCBuildConfiguration;
			buildSettings = {
				ASSETCATALOG_COMPILER_APPICON_NAME = AppIcon;
				CODE_SIGN_IDENTITY = "iPhone Developer";
				"CODE_SIGN_IDENTITY[sdk=iphoneos*]" = "iPhone Developer";
				INFOPLIST_FILE = WorldTrotter/Info.plist;
				LD_RUNPATH_SEARCH_PATHS = "$(inherited) @executable_path/Frameworks";
				PRODUCT_BUNDLE_IDENTIFIER = com.AlexRosewarne.WorldTrotter;
				PRODUCT_NAME = "$(TARGET_NAME)";
				PROVISIONING_PROFILE = "";
			};
			name = Debug;
		};
		C72EBA991CCCBB3F00F41E1A /* Release */ = {
			isa = XCBuildConfiguration;
			buildSettings = {
				ASSETCATALOG_COMPILER_APPICON_NAME = AppIcon;
				CODE_SIGN_IDENTITY = "iPhone Developer";
				"CODE_SIGN_IDENTITY[sdk=iphoneos*]" = "iPhone Developer";
				INFOPLIST_FILE = WorldTrotter/Info.plist;
				LD_RUNPATH_SEARCH_PATHS = "$(inherited) @executable_path/Frameworks";
				PRODUCT_BUNDLE_IDENTIFIER = com.AlexRosewarne.WorldTrotter;
				PRODUCT_NAME = "$(TARGET_NAME)";
				PROVISIONING_PROFILE = "";
			};
			name = Release;
		};
/* End XCBuildConfiguration section */

/* Begin XCConfigurationList section */
		C72EBA801CCCBB3F00F41E1A /* Build configuration list for PBXProject "WorldTrotter" */ = {
			isa = XCConfigurationList;
			buildConfigurations = (
				C72EBA951CCCBB3F00F41E1A /* Debug */,
				C72EBA961CCCBB3F00F41E1A /* Release */,
			);
			defaultConfigurationIsVisible = 0;
			defaultConfigurationName = Release;
		};
		C72EBA971CCCBB3F00F41E1A /* Build configuration list for PBXNativeTarget "WorldTrotter" */ = {
			isa = XCConfigurationList;
			buildConfigurations = (
				C72EBA981CCCBB3F00F41E1A /* Debug */,
				C72EBA991CCCBB3F00F41E1A /* Release */,
			);
			defaultConfigurationIsVisible = 0;
			defaultConfigurationName = Release;
		};
/* End XCConfigurationList section */
	};
	rootObject = C72EBA7D1CCCBB3F00F41E1A /* Project object */;
}
